
Microsoft Visual Studio Solution File, Format Version 12.00
# Visual Studio Version 17
VisualStudioVersion = 17.8.34330.188
MinimumVisualStudioVersion = 10.0.40219.1
Project("{FAE04EC0-301F-11D3-BF4B-00C04F79EFBC}") = "22_net101_lab1_bai2", "22_net101_lab1_bai2.csproj", "{ED5CB6BF-E675-410D-A2B8-E195E70E6D63}"
EndProject
Global
	GlobalSection(SolutionConfigurationPlatforms) = preSolution
		Debug|Any CPU = Debug|Any CPU
		Release|Any CPU = Release|Any CPU
	EndGlobalSection
	GlobalSection(ProjectConfigurationPlatforms) = postSolution
		{ED5CB6BF-E675-410D-A2B8-E195E70E6D63}.Debug|Any CPU.ActiveCfg = Debug|Any CPU
		{ED5CB6BF-E675-410D-A2B8-E195E70E6D63}.Debug|Any CPU.Build.0 = Debug|Any CPU
		{ED5CB6BF-E675-410D-A2B8-E195E70E6D63}.Release|Any CPU.ActiveCfg = Release|Any CPU
		{ED5CB6BF-E675-410D-A2B8-E195E70E6D63}.Release|Any CPU.Build.0 = Release|Any CPU
	EndGlobalSection
	GlobalSection(SolutionProperties) = preSolution
		HideSolutionNode = FALSE
	EndGlobalSection
	GlobalSection(ExtensibilityGlobals) = postSolution
		SolutionGuid = {57D0FA12-5D6A-463B-B872-E7911856EF87}
	EndGlobalSection
EndGlobal
