
Microsoft Visual Studio Solution File, Format Version 12.00
# Visual Studio Version 17
VisualStudioVersion = 17.8.34330.188
MinimumVisualStudioVersion = 10.0.40219.1
Project("{FAE04EC0-301F-11D3-BF4B-00C04F79EFBC}") = "22_net101_lab1_bai3", "22_net101_lab1_bai3.csproj", "{042802F3-5F27-45BD-B8B1-58055E26EEFE}"
EndProject
Global
	GlobalSection(SolutionConfigurationPlatforms) = preSolution
		Debug|Any CPU = Debug|Any CPU
		Release|Any CPU = Release|Any CPU
	EndGlobalSection
	GlobalSection(ProjectConfigurationPlatforms) = postSolution
		{042802F3-5F27-45BD-B8B1-58055E26EEFE}.Debug|Any CPU.ActiveCfg = Debug|Any CPU
		{042802F3-5F27-45BD-B8B1-58055E26EEFE}.Debug|Any CPU.Build.0 = Debug|Any CPU
		{042802F3-5F27-45BD-B8B1-58055E26EEFE}.Release|Any CPU.ActiveCfg = Release|Any CPU
		{042802F3-5F27-45BD-B8B1-58055E26EEFE}.Release|Any CPU.Build.0 = Release|Any CPU
	EndGlobalSection
	GlobalSection(SolutionProperties) = preSolution
		HideSolutionNode = FALSE
	EndGlobalSection
	GlobalSection(ExtensibilityGlobals) = postSolution
		SolutionGuid = {5548C41C-4860-4597-8200-5EA2B178AA0D}
	EndGlobalSection
EndGlobal
