
Microsoft Visual Studio Solution File, Format Version 12.00
# Visual Studio Version 17
VisualStudioVersion = 17.8.34330.188
MinimumVisualStudioVersion = 10.0.40219.1
Project("{FAE04EC0-301F-11D3-BF4B-00C04F79EFBC}") = "lab4_bai1", "lab4_bai1.csproj", "{BB83BBE7-F400-4029-ACA4-07CB01B2CF2F}"
EndProject
Global
	GlobalSection(SolutionConfigurationPlatforms) = preSolution
		Debug|Any CPU = Debug|Any CPU
		Release|Any CPU = Release|Any CPU
	EndGlobalSection
	GlobalSection(ProjectConfigurationPlatforms) = postSolution
		{BB83BBE7-F400-4029-ACA4-07CB01B2CF2F}.Debug|Any CPU.ActiveCfg = Debug|Any CPU
		{BB83BBE7-F400-4029-ACA4-07CB01B2CF2F}.Debug|Any CPU.Build.0 = Debug|Any CPU
		{BB83BBE7-F400-4029-ACA4-07CB01B2CF2F}.Release|Any CPU.ActiveCfg = Release|Any CPU
		{BB83BBE7-F400-4029-ACA4-07CB01B2CF2F}.Release|Any CPU.Build.0 = Release|Any CPU
	EndGlobalSection
	GlobalSection(SolutionProperties) = preSolution
		HideSolutionNode = FALSE
	EndGlobalSection
	GlobalSection(ExtensibilityGlobals) = postSolution
		SolutionGuid = {E2B9151A-89F3-4536-AE31-78B3F9033959}
	EndGlobalSection
EndGlobal
