
Microsoft Visual Studio Solution File, Format Version 12.00
# Visual Studio Version 17
VisualStudioVersion = 17.8.34330.188
MinimumVisualStudioVersion = 10.0.40219.1
Project("{FAE04EC0-301F-11D3-BF4B-00C04F79EFBC}") = "Net1021_ASM", "Net1021_ASM.csproj", "{5C7235D3-131A-4B1E-B5CA-280F2F337321}"
EndProject
Global
	GlobalSection(SolutionConfigurationPlatforms) = preSolution
		Debug|Any CPU = Debug|Any CPU
		Release|Any CPU = Release|Any CPU
	EndGlobalSection
	GlobalSection(ProjectConfigurationPlatforms) = postSolution
		{5C7235D3-131A-4B1E-B5CA-280F2F337321}.Debug|Any CPU.ActiveCfg = Debug|Any CPU
		{5C7235D3-131A-4B1E-B5CA-280F2F337321}.Debug|Any CPU.Build.0 = Debug|Any CPU
		{5C7235D3-131A-4B1E-B5CA-280F2F337321}.Release|Any CPU.ActiveCfg = Release|Any CPU
		{5C7235D3-131A-4B1E-B5CA-280F2F337321}.Release|Any CPU.Build.0 = Release|Any CPU
	EndGlobalSection
	GlobalSection(SolutionProperties) = preSolution
		HideSolutionNode = FALSE
	EndGlobalSection
	GlobalSection(ExtensibilityGlobals) = postSolution
		SolutionGuid = {9E82A692-4396-4163-9811-3FC8F107F131}
	EndGlobalSection
EndGlobal
