
Microsoft Visual Studio Solution File, Format Version 12.00
# Visual Studio Version 17
VisualStudioVersion = 17.8.34330.188
MinimumVisualStudioVersion = 10.0.40219.1
Project("{FAE04EC0-301F-11D3-BF4B-00C04F79EFBC}") = "22_net101_lab4_bai2", "22_net101_lab4_bai2.csproj", "{97963A5C-98AC-421D-8CF0-960570A9AD70}"
EndProject
Global
	GlobalSection(SolutionConfigurationPlatforms) = preSolution
		Debug|Any CPU = Debug|Any CPU
		Release|Any CPU = Release|Any CPU
	EndGlobalSection
	GlobalSection(ProjectConfigurationPlatforms) = postSolution
		{97963A5C-98AC-421D-8CF0-960570A9AD70}.Debug|Any CPU.ActiveCfg = Debug|Any CPU
		{97963A5C-98AC-421D-8CF0-960570A9AD70}.Debug|Any CPU.Build.0 = Debug|Any CPU
		{97963A5C-98AC-421D-8CF0-960570A9AD70}.Release|Any CPU.ActiveCfg = Release|Any CPU
		{97963A5C-98AC-421D-8CF0-960570A9AD70}.Release|Any CPU.Build.0 = Release|Any CPU
	EndGlobalSection
	GlobalSection(SolutionProperties) = preSolution
		HideSolutionNode = FALSE
	EndGlobalSection
	GlobalSection(ExtensibilityGlobals) = postSolution
		SolutionGuid = {8ECB68D1-F111-4A5E-B633-82CD2339386F}
	EndGlobalSection
EndGlobal
